
Microsoft Visual Studio Solution File, Format Version 12.00
# Visual Studio 15
VisualStudioVersion = 15.0.28307.539
MinimumVisualStudioVersion = 10.0.40219.1
Project("{9A19103F-16F7-4668-BE54-9A1E7A4F7556}") = "WebApi", "SignalRWebApi\WebApi.csproj", "{DB7F2143-E528-4FF1-AAC5-984E27AF51AE}"
EndProject
Project("{9A19103F-16F7-4668-BE54-9A1E7A4F7556}") = "AbstractProduser", "AbstractProduser\AbstractProduser.csproj", "{F9B70626-C4A5-4D9C-837C-96678094F04C}"
EndProject
Project("{2150E333-8FDC-42A3-9474-1A3956D46DE8}") = "ConcreteProdusers", "ConcreteProdusers", "{F55C1F4D-0F56-4E10-9E62-75014C401419}"
EndProject
Project("{9A19103F-16F7-4668-BE54-9A1E7A4F7556}") = "KafkaProduser", "KaffkaProduser\KafkaProduser.csproj", "{E933918D-7E91-48F2-994C-5AF86A8D1847}"
EndProject
Project("{9A19103F-16F7-4668-BE54-9A1E7A4F7556}") = "LogerSerilogProduser", "LogerSerilogProduser\LogerSerilogProduser.csproj", "{17BF9B50-FEC8-49A8-9146-FB1BAE656518}"
EndProject
Project("{9A19103F-16F7-4668-BE54-9A1E7A4F7556}") = "ProdusersMediator", "ProdusersUnion\ProdusersMediator.csproj", "{A3AD6BD0-6EAB-4202-86A3-66719F5A85C3}"
EndProject
Project("{2150E333-8FDC-42A3-9474-1A3956D46DE8}") = "Api", "Api", "{D477138D-2884-42B6-868E-FAB11906F16C}"
EndProject
Project("{2150E333-8FDC-42A3-9474-1A3956D46DE8}") = "InfrastructureLayer", "InfrastructureLayer", "{300AB9FF-981C-40D2-91BE-21EA24661871}"
EndProject
Project("{2150E333-8FDC-42A3-9474-1A3956D46DE8}") = "ProduserInfrastructure", "ProduserInfrastructure", "{3DE0722D-0461-4726-954D-D9689F0B77F4}"
EndProject
Project("{2150E333-8FDC-42A3-9474-1A3956D46DE8}") = "Exchanges", "Exchanges", "{17C986F2-7F20-4E11-8B78-1828E2107D42}"
EndProject
Project("{9A19103F-16F7-4668-BE54-9A1E7A4F7556}") = "Exchange.Base", "Exchange.Base\Exchange.Base.csproj", "{95A3C673-9283-42EF-9465-953F601DA9D0}"
EndProject
Global
	GlobalSection(SolutionConfigurationPlatforms) = preSolution
		Debug|Any CPU = Debug|Any CPU
		Release|Any CPU = Release|Any CPU
	EndGlobalSection
	GlobalSection(ProjectConfigurationPlatforms) = postSolution
		{DB7F2143-E528-4FF1-AAC5-984E27AF51AE}.Debug|Any CPU.ActiveCfg = Debug|Any CPU
		{DB7F2143-E528-4FF1-AAC5-984E27AF51AE}.Debug|Any CPU.Build.0 = Debug|Any CPU
		{DB7F2143-E528-4FF1-AAC5-984E27AF51AE}.Release|Any CPU.ActiveCfg = Release|Any CPU
		{DB7F2143-E528-4FF1-AAC5-984E27AF51AE}.Release|Any CPU.Build.0 = Release|Any CPU
		{F9B70626-C4A5-4D9C-837C-96678094F04C}.Debug|Any CPU.ActiveCfg = Debug|Any CPU
		{F9B70626-C4A5-4D9C-837C-96678094F04C}.Debug|Any CPU.Build.0 = Debug|Any CPU
		{F9B70626-C4A5-4D9C-837C-96678094F04C}.Release|Any CPU.ActiveCfg = Release|Any CPU
		{F9B70626-C4A5-4D9C-837C-96678094F04C}.Release|Any CPU.Build.0 = Release|Any CPU
		{E933918D-7E91-48F2-994C-5AF86A8D1847}.Debug|Any CPU.ActiveCfg = Debug|Any CPU
		{E933918D-7E91-48F2-994C-5AF86A8D1847}.Debug|Any CPU.Build.0 = Debug|Any CPU
		{E933918D-7E91-48F2-994C-5AF86A8D1847}.Release|Any CPU.ActiveCfg = Release|Any CPU
		{E933918D-7E91-48F2-994C-5AF86A8D1847}.Release|Any CPU.Build.0 = Release|Any CPU
		{17BF9B50-FEC8-49A8-9146-FB1BAE656518}.Debug|Any CPU.ActiveCfg = Debug|Any CPU
		{17BF9B50-FEC8-49A8-9146-FB1BAE656518}.Debug|Any CPU.Build.0 = Debug|Any CPU
		{17BF9B50-FEC8-49A8-9146-FB1BAE656518}.Release|Any CPU.ActiveCfg = Release|Any CPU
		{17BF9B50-FEC8-49A8-9146-FB1BAE656518}.Release|Any CPU.Build.0 = Release|Any CPU
		{A3AD6BD0-6EAB-4202-86A3-66719F5A85C3}.Debug|Any CPU.ActiveCfg = Debug|Any CPU
		{A3AD6BD0-6EAB-4202-86A3-66719F5A85C3}.Debug|Any CPU.Build.0 = Debug|Any CPU
		{A3AD6BD0-6EAB-4202-86A3-66719F5A85C3}.Release|Any CPU.ActiveCfg = Release|Any CPU
		{A3AD6BD0-6EAB-4202-86A3-66719F5A85C3}.Release|Any CPU.Build.0 = Release|Any CPU
		{95A3C673-9283-42EF-9465-953F601DA9D0}.Debug|Any CPU.ActiveCfg = Debug|Any CPU
		{95A3C673-9283-42EF-9465-953F601DA9D0}.Debug|Any CPU.Build.0 = Debug|Any CPU
		{95A3C673-9283-42EF-9465-953F601DA9D0}.Release|Any CPU.ActiveCfg = Release|Any CPU
		{95A3C673-9283-42EF-9465-953F601DA9D0}.Release|Any CPU.Build.0 = Release|Any CPU
	EndGlobalSection
	GlobalSection(SolutionProperties) = preSolution
		HideSolutionNode = FALSE
	EndGlobalSection
	GlobalSection(NestedProjects) = preSolution
		{DB7F2143-E528-4FF1-AAC5-984E27AF51AE} = {D477138D-2884-42B6-868E-FAB11906F16C}
		{F9B70626-C4A5-4D9C-837C-96678094F04C} = {3DE0722D-0461-4726-954D-D9689F0B77F4}
		{F55C1F4D-0F56-4E10-9E62-75014C401419} = {3DE0722D-0461-4726-954D-D9689F0B77F4}
		{E933918D-7E91-48F2-994C-5AF86A8D1847} = {F55C1F4D-0F56-4E10-9E62-75014C401419}
		{17BF9B50-FEC8-49A8-9146-FB1BAE656518} = {F55C1F4D-0F56-4E10-9E62-75014C401419}
		{A3AD6BD0-6EAB-4202-86A3-66719F5A85C3} = {3DE0722D-0461-4726-954D-D9689F0B77F4}
		{3DE0722D-0461-4726-954D-D9689F0B77F4} = {300AB9FF-981C-40D2-91BE-21EA24661871}
		{95A3C673-9283-42EF-9465-953F601DA9D0} = {17C986F2-7F20-4E11-8B78-1828E2107D42}
	EndGlobalSection
	GlobalSection(ExtensibilityGlobals) = postSolution
		SolutionGuid = {5743C937-9195-44F4-9FFB-620FA6237A3C}
	EndGlobalSection
EndGlobal
